
Microsoft Visual Studio Solution File, Format Version 12.00
# Visual Studio Version 16
VisualStudioVersion = 16.0.31729.503
MinimumVisualStudioVersion = 10.0.40219.1
Project("{FAE04EC0-301F-11D3-BF4B-00C04F79EFBC}") = "RecipeApplication", "RecipeApplication.csproj", "{007B50BD-FB80-4A9B-B753-B68AA234D4D0}"
EndProject
Global
	GlobalSection(SolutionConfigurationPlatforms) = preSolution
		Debug|Any CPU = Debug|Any CPU
		Release|Any CPU = Release|Any CPU
	EndGlobalSection
	GlobalSection(ProjectConfigurationPlatforms) = postSolution
		{007B50BD-FB80-4A9B-B753-B68AA234D4D0}.Debug|Any CPU.ActiveCfg = Debug|Any CPU
		{007B50BD-FB80-4A9B-B753-B68AA234D4D0}.Debug|Any CPU.Build.0 = Debug|Any CPU
		{007B50BD-FB80-4A9B-B753-B68AA234D4D0}.Release|Any CPU.ActiveCfg = Release|Any CPU
		{007B50BD-FB80-4A9B-B753-B68AA234D4D0}.Release|Any CPU.Build.0 = Release|Any CPU
	EndGlobalSection
	GlobalSection(SolutionProperties) = preSolution
		HideSolutionNode = FALSE
	EndGlobalSection
	GlobalSection(ExtensibilityGlobals) = postSolution
		SolutionGuid = {F82AA9BD-C625-46D4-A7CC-F43A85921E73}
	EndGlobalSection
EndGlobal
